// !$*UTF8*$!
{
	archiveVersion = 1;
	classes = {
	};
	objectVersion = 56;
	objects = {

/* Begin PBXBuildFile section */
		62D958CF2A9DE59F00C5F72E /* AppDelegate.swift in Sources */ = {isa = PBXBuildFile; fileRef = 62D958CE2A9DE59F00C5F72E /* AppDelegate.swift */; };
		62D958D12A9DE59F00C5F72E /* SceneDelegate.swift in Sources */ = {isa = PBXBuildFile; fileRef = 62D958D02A9DE59F00C5F72E /* SceneDelegate.swift */; };
		62D958D32A9DE59F00C5F72E /* ViewController.swift in Sources */ = {isa = PBXBuildFile; fileRef = 62D958D22A9DE59F00C5F72E /* ViewController.swift */; };
		62D958D62A9DE59F00C5F72E /* Main.storyboard in Resources */ = {isa = PBXBuildFile; fileRef = 62D958D42A9DE59F00C5F72E /* Main.storyboard */; };
		62D958D92A9DE59F00C5F72E /* task3_app.xcdatamodeld in Sources */ = {isa = PBXBuildFile; fileRef = 62D958D72A9DE59F00C5F72E /* task3_app.xcdatamodeld */; };
		62D958DB2A9DE5A200C5F72E /* Assets.xcassets in Resources */ = {isa = PBXBuildFile; fileRef = 62D958DA2A9DE5A200C5F72E /* Assets.xcassets */; };
		62D958DE2A9DE5A200C5F72E /* LaunchScreen.storyboard in Resources */ = {isa = PBXBuildFile; fileRef = 62D958DC2A9DE5A200C5F72E /* LaunchScreen.storyboard */; };
		62D958E92A9DE5A200C5F72E /* task3_appTests.swift in Sources */ = {isa = PBXBuildFile; fileRef = 62D958E82A9DE5A200C5F72E /* task3_appTests.swift */; };
		62D958F32A9DE5A200C5F72E /* task3_appUITests.swift in Sources */ = {isa = PBXBuildFile; fileRef = 62D958F22A9DE5A200C5F72E /* task3_appUITests.swift */; };
		62D958F52A9DE5A200C5F72E /* task3_appUITestsLaunchTests.swift in Sources */ = {isa = PBXBuildFile; fileRef = 62D958F42A9DE5A200C5F72E /* task3_appUITestsLaunchTests.swift */; };
/* End PBXBuildFile section */

/* Begin PBXContainerItemProxy section */
		62D958E52A9DE5A200C5F72E /* PBXContainerItemProxy */ = {
			isa = PBXContainerItemProxy;
			containerPortal = 62D958C32A9DE59F00C5F72E /* Project object */;
			proxyType = 1;
			remoteGlobalIDString = 62D958CA2A9DE59F00C5F72E;
			remoteInfo = task3_app;
		};
		62D958EF2A9DE5A200C5F72E /* PBXContainerItemProxy */ = {
			isa = PBXContainerItemProxy;
			containerPortal = 62D958C32A9DE59F00C5F72E /* Project object */;
			proxyType = 1;
			remoteGlobalIDString = 62D958CA2A9DE59F00C5F72E;
			remoteInfo = task3_app;
		};
/* End PBXContainerItemProxy section */

/* Begin PBXFileReference section */
		62D958CB2A9DE59F00C5F72E /* task3_app.app */ = {isa = PBXFileReference; explicitFileType = wrapper.application; includeInIndex = 0; path = task3_app.app; sourceTree = BUILT_PRODUCTS_DIR; };
		62D958CE2A9DE59F00C5F72E /* AppDelegate.swift */ = {isa = PBXFileReference; lastKnownFileType = sourcecode.swift; path = AppDelegate.swift; sourceTree = "<group>"; };
		62D958D02A9DE59F00C5F72E /* SceneDelegate.swift */ = {isa = PBXFileReference; lastKnownFileType = sourcecode.swift; path = SceneDelegate.swift; sourceTree = "<group>"; };
		62D958D22A9DE59F00C5F72E /* ViewController.swift */ = {isa = PBXFileReference; lastKnownFileType = sourcecode.swift; path = ViewController.swift; sourceTree = "<group>"; };
		62D958D52A9DE59F00C5F72E /* Base */ = {isa = PBXFileReference; lastKnownFileType = file.storyboard; name = Base; path = Base.lproj/Main.storyboard; sourceTree = "<group>"; };
		62D958D82A9DE59F00C5F72E /* task3_app.xcdatamodel */ = {isa = PBXFileReference; lastKnownFileType = wrapper.xcdatamodel; path = task3_app.xcdatamodel; sourceTree = "<group>"; };
		62D958DA2A9DE5A200C5F72E /* Assets.xcassets */ = {isa = PBXFileReference; lastKnownFileType = folder.assetcatalog; path = Assets.xcassets; sourceTree = "<group>"; };
		62D958DD2A9DE5A200C5F72E /* Base */ = {isa = PBXFileReference; lastKnownFileType = file.storyboard; name = Base; path = Base.lproj/LaunchScreen.storyboard; sourceTree = "<group>"; };
		62D958DF2A9DE5A200C5F72E /* Info.plist */ = {isa = PBXFileReference; lastKnownFileType = text.plist.xml; path = Info.plist; sourceTree = "<group>"; };
		62D958E42A9DE5A200C5F72E /* task3_appTests.xctest */ = {isa = PBXFileReference; explicitFileType = wrapper.cfbundle; includeInIndex = 0; path = task3_appTests.xctest; sourceTree = BUILT_PRODUCTS_DIR; };
		62D958E82A9DE5A200C5F72E /* task3_appTests.swift */ = {isa = PBXFileReference; lastKnownFileType = sourcecode.swift; path = task3_appTests.swift; sourceTree = "<group>"; };
		62D958EE2A9DE5A200C5F72E /* task3_appUITests.xctest */ = {isa = PBXFileReference; explicitFileType = wrapper.cfbundle; includeInIndex = 0; path = task3_appUITests.xctest; sourceTree = BUILT_PRODUCTS_DIR; };
		62D958F22A9DE5A200C5F72E /* task3_appUITests.swift */ = {isa = PBXFileReference; lastKnownFileType = sourcecode.swift; path = task3_appUITests.swift; sourceTree = "<group>"; };
		62D958F42A9DE5A200C5F72E /* task3_appUITestsLaunchTests.swift */ = {isa = PBXFileReference; lastKnownFileType = sourcecode.swift; path = task3_appUITestsLaunchTests.swift; sourceTree = "<group>"; };
/* End PBXFileReference section */

/* Begin PBXFrameworksBuildPhase section */
		62D958C82A9DE59F00C5F72E /* Frameworks */ = {
			isa = PBXFrameworksBuildPhase;
			buildActionMask = 2147483647;
			files = (
			);
			runOnlyForDeploymentPostprocessing = 0;
		};
		62D958E12A9DE5A200C5F72E /* Frameworks */ = {
			isa = PBXFrameworksBuildPhase;
			buildActionMask = 2147483647;
			files = (
			);
			runOnlyForDeploymentPostprocessing = 0;
		};
		62D958EB2A9DE5A200C5F72E /* Frameworks */ = {
			isa = PBXFrameworksBuildPhase;
			buildActionMask = 2147483647;
			files = (
			);
			runOnlyForDeploymentPostprocessing = 0;
		};
/* End PBXFrameworksBuildPhase section */

/* Begin PBXGroup section */
		62D958C22A9DE59F00C5F72E = {
			isa = PBXGroup;
			children = (
				62D958CD2A9DE59F00C5F72E /* task3_app */,
				62D958E72A9DE5A200C5F72E /* task3_appTests */,
				62D958F12A9DE5A200C5F72E /* task3_appUITests */,
				62D958CC2A9DE59F00C5F72E /* Products */,
			);
			sourceTree = "<group>";
		};
		62D958CC2A9DE59F00C5F72E /* Products */ = {
			isa = PBXGroup;
			children = (
				62D958CB2A9DE59F00C5F72E /* task3_app.app */,
				62D958E42A9DE5A200C5F72E /* task3_appTests.xctest */,
				62D958EE2A9DE5A200C5F72E /* task3_appUITests.xctest */,
			);
			name = Products;
			sourceTree = "<group>";
		};
		62D958CD2A9DE59F00C5F72E /* task3_app */ = {
			isa = PBXGroup;
			children = (
				62D958CE2A9DE59F00C5F72E /* AppDelegate.swift */,
				62D958D02A9DE59F00C5F72E /* SceneDelegate.swift */,
				62D958D22A9DE59F00C5F72E /* ViewController.swift */,
				62D958D42A9DE59F00C5F72E /* Main.storyboard */,
				62D958DA2A9DE5A200C5F72E /* Assets.xcassets */,
				62D958DC2A9DE5A200C5F72E /* LaunchScreen.storyboard */,
				62D958DF2A9DE5A200C5F72E /* Info.plist */,
				62D958D72A9DE59F00C5F72E /* task3_app.xcdatamodeld */,
			);
			path = task3_app;
			sourceTree = "<group>";
		};
		62D958E72A9DE5A200C5F72E /* task3_appTests */ = {
			isa = PBXGroup;
			children = (
				62D958E82A9DE5A200C5F72E /* task3_appTests.swift */,
			);
			path = task3_appTests;
			sourceTree = "<group>";
		};
		62D958F12A9DE5A200C5F72E /* task3_appUITests */ = {
			isa = PBXGroup;
			children = (
				62D958F22A9DE5A200C5F72E /* task3_appUITests.swift */,
				62D958F42A9DE5A200C5F72E /* task3_appUITestsLaunchTests.swift */,
			);
			path = task3_appUITests;
			sourceTree = "<group>";
		};
/* End PBXGroup section */

/* Begin PBXNativeTarget section */
		62D958CA2A9DE59F00C5F72E /* task3_app */ = {
			isa = PBXNativeTarget;
			buildConfigurationList = 62D958F82A9DE5A200C5F72E /* Build configuration list for PBXNativeTarget "task3_app" */;
			buildPhases = (
				62D958C72A9DE59F00C5F72E /* Sources */,
				62D958C82A9DE59F00C5F72E /* Frameworks */,
				62D958C92A9DE59F00C5F72E /* Resources */,
			);
			buildRules = (
			);
			dependencies = (
			);
			name = task3_app;
			productName = task3_app;
			productReference = 62D958CB2A9DE59F00C5F72E /* task3_app.app */;
			productType = "com.apple.product-type.application";
		};
		62D958E32A9DE5A200C5F72E /* task3_appTests */ = {
			isa = PBXNativeTarget;
			buildConfigurationList = 62D958FB2A9DE5A200C5F72E /* Build configuration list for PBXNativeTarget "task3_appTests" */;
			buildPhases = (
				62D958E02A9DE5A200C5F72E /* Sources */,
				62D958E12A9DE5A200C5F72E /* Frameworks */,
				62D958E22A9DE5A200C5F72E /* Resources */,
			);
			buildRules = (
			);
			dependencies = (
				62D958E62A9DE5A200C5F72E /* PBXTargetDependency */,
			);
			name = task3_appTests;
			productName = task3_appTests;
			productReference = 62D958E42A9DE5A200C5F72E /* task3_appTests.xctest */;
			productType = "com.apple.product-type.bundle.unit-test";
		};
		62D958ED2A9DE5A200C5F72E /* task3_appUITests */ = {
			isa = PBXNativeTarget;
			buildConfigurationList = 62D958FE2A9DE5A200C5F72E /* Build configuration list for PBXNativeTarget "task3_appUITests" */;
			buildPhases = (
				62D958EA2A9DE5A200C5F72E /* Sources */,
				62D958EB2A9DE5A200C5F72E /* Frameworks */,
				62D958EC2A9DE5A200C5F72E /* Resources */,
			);
			buildRules = (
			);
			dependencies = (
				62D958F02A9DE5A200C5F72E /* PBXTargetDependency */,
			);
			name = task3_appUITests;
			productName = task3_appUITests;
			productReference = 62D958EE2A9DE5A200C5F72E /* task3_appUITests.xctest */;
			productType = "com.apple.product-type.bundle.ui-testing";
		};
/* End PBXNativeTarget section */

/* Begin PBXProject section */
		62D958C32A9DE59F00C5F72E /* Project object */ = {
			isa = PBXProject;
			attributes = {
				BuildIndependentTargetsInParallel = 1;
				LastSwiftUpdateCheck = 1430;
				LastUpgradeCheck = 1430;
				TargetAttributes = {
					62D958CA2A9DE59F00C5F72E = {
						CreatedOnToolsVersion = 14.3.1;
					};
					62D958E32A9DE5A200C5F72E = {
						CreatedOnToolsVersion = 14.3.1;
						TestTargetID = 62D958CA2A9DE59F00C5F72E;
					};
					62D958ED2A9DE5A200C5F72E = {
						CreatedOnToolsVersion = 14.3.1;
						TestTargetID = 62D958CA2A9DE59F00C5F72E;
					};
				};
			};
			buildConfigurationList = 62D958C62A9DE59F00C5F72E /* Build configuration list for PBXProject "task3_app" */;
			compatibilityVersion = "Xcode 14.0";
			developmentRegion = en;
			hasScannedForEncodings = 0;
			knownRegions = (
				en,
				Base,
			);
			mainGroup = 62D958C22A9DE59F00C5F72E;
			productRefGroup = 62D958CC2A9DE59F00C5F72E /* Products */;
			projectDirPath = "";
			projectRoot = "";
			targets = (
				62D958CA2A9DE59F00C5F72E /* task3_app */,
				62D958E32A9DE5A200C5F72E /* task3_appTests */,
				62D958ED2A9DE5A200C5F72E /* task3_appUITests */,
			);
		};
/* End PBXProject section */

/* Begin PBXResourcesBuildPhase section */
		62D958C92A9DE59F00C5F72E /* Resources */ = {
			isa = PBXResourcesBuildPhase;
			buildActionMask = 2147483647;
			files = (
				62D958DE2A9DE5A200C5F72E /* LaunchScreen.storyboard in Resources */,
				62D958DB2A9DE5A200C5F72E /* Assets.xcassets in Resources */,
				62D958D62A9DE59F00C5F72E /* Main.storyboard in Resources */,
			);
			runOnlyForDeploymentPostprocessing = 0;
		};
		62D958E22A9DE5A200C5F72E /* Resources */ = {
			isa = PBXResourcesBuildPhase;
			buildActionMask = 2147483647;
			files = (
			);
			runOnlyForDeploymentPostprocessing = 0;
		};
		62D958EC2A9DE5A200C5F72E /* Resources */ = {
			isa = PBXResourcesBuildPhase;
			buildActionMask = 2147483647;
			files = (
			);
			runOnlyForDeploymentPostprocessing = 0;
		};
/* End PBXResourcesBuildPhase section */

/* Begin PBXSourcesBuildPhase section */
		62D958C72A9DE59F00C5F72E /* Sources */ = {
			isa = PBXSourcesBuildPhase;
			buildActionMask = 2147483647;
			files = (
				62D958D92A9DE59F00C5F72E /* task3_app.xcdatamodeld in Sources */,
				62D958D32A9DE59F00C5F72E /* ViewController.swift in Sources */,
				62D958CF2A9DE59F00C5F72E /* AppDelegate.swift in Sources */,
				62D958D12A9DE59F00C5F72E /* SceneDelegate.swift in Sources */,
			);
			runOnlyForDeploymentPostprocessing = 0;
		};
		62D958E02A9DE5A200C5F72E /* Sources */ = {
			isa = PBXSourcesBuildPhase;
			buildActionMask = 2147483647;
			files = (
				62D958E92A9DE5A200C5F72E /* task3_appTests.swift in Sources */,
			);
			runOnlyForDeploymentPostprocessing = 0;
		};
		62D958EA2A9DE5A200C5F72E /* Sources */ = {
			isa = PBXSourcesBuildPhase;
			buildActionMask = 2147483647;
			files = (
				62D958F32A9DE5A200C5F72E /* task3_appUITests.swift in Sources */,
				62D958F52A9DE5A200C5F72E /* task3_appUITestsLaunchTests.swift in Sources */,
			);
			runOnlyForDeploymentPostprocessing = 0;
		};
/* End PBXSourcesBuildPhase section */

/* Begin PBXTargetDependency section */
		62D958E62A9DE5A200C5F72E /* PBXTargetDependency */ = {
			isa = PBXTargetDependency;
			target = 62D958CA2A9DE59F00C5F72E /* task3_app */;
			targetProxy = 62D958E52A9DE5A200C5F72E /* PBXContainerItemProxy */;
		};
		62D958F02A9DE5A200C5F72E /* PBXTargetDependency */ = {
			isa = PBXTargetDependency;
			target = 62D958CA2A9DE59F00C5F72E /* task3_app */;
			targetProxy = 62D958EF2A9DE5A200C5F72E /* PBXContainerItemProxy */;
		};
/* End PBXTargetDependency section */

/* Begin PBXVariantGroup section */
		62D958D42A9DE59F00C5F72E /* Main.storyboard */ = {
			isa = PBXVariantGroup;
			children = (
				62D958D52A9DE59F00C5F72E /* Base */,
			);
			name = Main.storyboard;
			sourceTree = "<group>";
		};
		62D958DC2A9DE5A200C5F72E /* LaunchScreen.storyboard */ = {
			isa = PBXVariantGroup;
			children = (
				62D958DD2A9DE5A200C5F72E /* Base */,
			);
			name = LaunchScreen.storyboard;
			sourceTree = "<group>";
		};
/* End PBXVariantGroup section */

/* Begin XCBuildConfiguration section */
		62D958F62A9DE5A200C5F72E /* Debug */ = {
			isa = XCBuildConfiguration;
			buildSettings = {
				ALWAYS_SEARCH_USER_PATHS = NO;
				CLANG_ANALYZER_NONNULL = YES;
				CLANG_ANALYZER_NUMBER_OBJECT_CONVERSION = YES_AGGRESSIVE;
				CLANG_CXX_LANGUAGE_STANDARD = "gnu++20";
				CLANG_ENABLE_MODULES = YES;
				CLANG_ENABLE_OBJC_ARC = YES;
				CLANG_ENABLE_OBJC_WEAK = YES;
				CLANG_WARN_BLOCK_CAPTURE_AUTORELEASING = YES;
				CLANG_WARN_BOOL_CONVERSION = YES;
				CLANG_WARN_COMMA = YES;
				CLANG_WARN_CONSTANT_CONVERSION = YES;
				CLANG_WARN_DEPRECATED_OBJC_IMPLEMENTATIONS = YES;
				CLANG_WARN_DIRECT_OBJC_ISA_USAGE = YES_ERROR;
				CLANG_WARN_DOCUMENTATION_COMMENTS = YES;
				CLANG_WARN_EMPTY_BODY = YES;
				CLANG_WARN_ENUM_CONVERSION = YES;
				CLANG_WARN_INFINITE_RECURSION = YES;
				CLANG_WARN_INT_CONVERSION = YES;
				CLANG_WARN_NON_LITERAL_NULL_CONVERSION = YES;
				CLANG_WARN_OBJC_IMPLICIT_RETAIN_SELF = YES;
				CLANG_WARN_OBJC_LITERAL_CONVERSION = YES;
				CLANG_WARN_OBJC_ROOT_CLASS = YES_ERROR;
				CLANG_WARN_QUOTED_INCLUDE_IN_FRAMEWORK_HEADER = YES;
				CLANG_WARN_RANGE_LOOP_ANALYSIS = YES;
				CLANG_WARN_STRICT_PROTOTYPES = YES;
				CLANG_WARN_SUSPICIOUS_MOVE = YES;
				CLANG_WARN_UNGUARDED_AVAILABILITY = YES_AGGRESSIVE;
				CLANG_WARN_UNREACHABLE_CODE = YES;
				CLANG_WARN__DUPLICATE_METHOD_MATCH = YES;
				COPY_PHASE_STRIP = NO;
				DEBUG_INFORMATION_FORMAT = dwarf;
				ENABLE_STRICT_OBJC_MSGSEND = YES;
				ENABLE_TESTABILITY = YES;
				GCC_C_LANGUAGE_STANDARD = gnu11;
				GCC_DYNAMIC_NO_PIC = NO;
				GCC_NO_COMMON_BLOCKS = YES;
				GCC_OPTIMIZATION_LEVEL = 0;
				GCC_PREPROCESSOR_DEFINITIONS = (
					"DEBUG=1",
					"$(inherited)",
				);
				GCC_WARN_64_TO_32_BIT_CONVERSION = YES;
				GCC_WARN_ABOUT_RETURN_TYPE = YES_ERROR;
				GCC_WARN_UNDECLARED_SELECTOR = YES;
				GCC_WARN_UNINITIALIZED_AUTOS = YES_AGGRESSIVE;
				GCC_WARN_UNUSED_FUNCTION = YES;
				GCC_WARN_UNUSED_VARIABLE = YES;
				IPHONEOS_DEPLOYMENT_TARGET = 16.4;
				MTL_ENABLE_DEBUG_INFO = INCLUDE_SOURCE;
				MTL_FAST_MATH = YES;
				ONLY_ACTIVE_ARCH = YES;
				SDKROOT = iphoneos;
				SWIFT_ACTIVE_COMPILATION_CONDITIONS = DEBUG;
				SWIFT_OPTIMIZATION_LEVEL = "-Onone";
			};
			name = Debug;
		};
		62D958F72A9DE5A200C5F72E /* Release */ = {
			isa = XCBuildConfiguration;
			buildSettings = {
				ALWAYS_SEARCH_USER_PATHS = NO;
				CLANG_ANALYZER_NONNULL = YES;
				CLANG_ANALYZER_NUMBER_OBJECT_CONVERSION = YES_AGGRESSIVE;
				CLANG_CXX_LANGUAGE_STANDARD = "gnu++20";
				CLANG_ENABLE_MODULES = YES;
				CLANG_ENABLE_OBJC_ARC = YES;
				CLANG_ENABLE_OBJC_WEAK = YES;
				CLANG_WARN_BLOCK_CAPTURE_AUTORELEASING = YES;
				CLANG_WARN_BOOL_CONVERSION = YES;
				CLANG_WARN_COMMA = YES;
				CLANG_WARN_CONSTANT_CONVERSION = YES;
				CLANG_WARN_DEPRECATED_OBJC_IMPLEMENTATIONS = YES;
				CLANG_WARN_DIRECT_OBJC_ISA_USAGE = YES_ERROR;
				CLANG_WARN_DOCUMENTATION_COMMENTS = YES;
				CLANG_WARN_EMPTY_BODY = YES;
				CLANG_WARN_ENUM_CONVERSION = YES;
				CLANG_WARN_INFINITE_RECURSION = YES;
				CLANG_WARN_INT_CONVERSION = YES;
				CLANG_WARN_NON_LITERAL_NULL_CONVERSION = YES;
				CLANG_WARN_OBJC_IMPLICIT_RETAIN_SELF = YES;
				CLANG_WARN_OBJC_LITERAL_CONVERSION = YES;
				CLANG_WARN_OBJC_ROOT_CLASS = YES_ERROR;
				CLANG_WARN_QUOTED_INCLUDE_IN_FRAMEWORK_HEADER = YES;
				CLANG_WARN_RANGE_LOOP_ANALYSIS = YES;
				CLANG_WARN_STRICT_PROTOTYPES = YES;
				CLANG_WARN_SUSPICIOUS_MOVE = YES;
				CLANG_WARN_UNGUARDED_AVAILABILITY = YES_AGGRESSIVE;
				CLANG_WARN_UNREACHABLE_CODE = YES;
				CLANG_WARN__DUPLICATE_METHOD_MATCH = YES;
				COPY_PHASE_STRIP = NO;
				DEBUG_INFORMATION_FORMAT = "dwarf-with-dsym";
				ENABLE_NS_ASSERTIONS = NO;
				ENABLE_STRICT_OBJC_MSGSEND = YES;
				GCC_C_LANGUAGE_STANDARD = gnu11;
				GCC_NO_COMMON_BLOCKS = YES;
				GCC_WARN_64_TO_32_BIT_CONVERSION = YES;
				GCC_WARN_ABOUT_RETURN_TYPE = YES_ERROR;
				GCC_WARN_UNDECLARED_SELECTOR = YES;
				GCC_WARN_UNINITIALIZED_AUTOS = YES_AGGRESSIVE;
				GCC_WARN_UNUSED_FUNCTION = YES;
				GCC_WARN_UNUSED_VARIABLE = YES;
				IPHONEOS_DEPLOYMENT_TARGET = 16.4;
				MTL_ENABLE_DEBUG_INFO = NO;
				MTL_FAST_MATH = YES;
				SDKROOT = iphoneos;
				SWIFT_COMPILATION_MODE = wholemodule;
				SWIFT_OPTIMIZATION_LEVEL = "-O";
				VALIDATE_PRODUCT = YES;
			};
			name = Release;
		};
		62D958F92A9DE5A200C5F72E /* Debug */ = {
			isa = XCBuildConfiguration;
			buildSettings = {
				ASSETCATALOG_COMPILER_APPICON_NAME = AppIcon;
				ASSETCATALOG_COMPILER_GLOBAL_ACCENT_COLOR_NAME = AccentColor;
				CODE_SIGN_STYLE = Automatic;
				CURRENT_PROJECT_VERSION = 1;
				GENERATE_INFOPLIST_FILE = YES;
				INFOPLIST_FILE = task3_app/Info.plist;
				INFOPLIST_KEY_UIApplicationSupportsIndirectInputEvents = YES;
				INFOPLIST_KEY_UILaunchStoryboardName = LaunchScreen;
				INFOPLIST_KEY_UIMainStoryboardFile = Main;
				INFOPLIST_KEY_UISupportedInterfaceOrientations_iPad = "UIInterfaceOrientationPortrait UIInterfaceOrientationPortraitUpsideDown UIInterfaceOrientationLandscapeLeft UIInterfaceOrientationLandscapeRight";
				INFOPLIST_KEY_UISupportedInterfaceOrientations_iPhone = "UIInterfaceOrientationPortrait UIInterfaceOrientationLandscapeLeft UIInterfaceOrientationLandscapeRight";
				LD_RUNPATH_SEARCH_PATHS = (
					"$(inherited)",
					"@executable_path/Frameworks",
				);
				MARKETING_VERSION = 1.0;
				PRODUCT_BUNDLE_IDENTIFIER = "ncancay.task3-app";
				PRODUCT_NAME = "$(TARGET_NAME)";
				SWIFT_EMIT_LOC_STRINGS = YES;
				SWIFT_VERSION = 5.0;
				TARGETED_DEVICE_FAMILY = "1,2";
			};
			name = Debug;
		};
		62D958FA2A9DE5A200C5F72E /* Release */ = {
			isa = XCBuildConfiguration;
			buildSettings = {
				ASSETCATALOG_COMPILER_APPICON_NAME = AppIcon;
				ASSETCATALOG_COMPILER_GLOBAL_ACCENT_COLOR_NAME = AccentColor;
				CODE_SIGN_STYLE = Automatic;
				CURRENT_PROJECT_VERSION = 1;
				GENERATE_INFOPLIST_FILE = YES;
				INFOPLIST_FILE = task3_app/Info.plist;
				INFOPLIST_KEY_UIApplicationSupportsIndirectInputEvents = YES;
				INFOPLIST_KEY_UILaunchStoryboardName = LaunchScreen;
				INFOPLIST_KEY_UIMainStoryboardFile = Main;
				INFOPLIST_KEY_UISupportedInterfaceOrientations_iPad = "UIInterfaceOrientationPortrait UIInterfaceOrientationPortraitUpsideDown UIInterfaceOrientationLandscapeLeft UIInterfaceOrientationLandscapeRight";
				INFOPLIST_KEY_UISupportedInterfaceOrientations_iPhone = "UIInterfaceOrientationPortrait UIInterfaceOrientationLandscapeLeft UIInterfaceOrientationLandscapeRight";
				LD_RUNPATH_SEARCH_PATHS = (
					"$(inherited)",
					"@executable_path/Frameworks",
				);
				MARKETING_VERSION = 1.0;
				PRODUCT_BUNDLE_IDENTIFIER = "ncancay.task3-app";
				PRODUCT_NAME = "$(TARGET_NAME)";
				SWIFT_EMIT_LOC_STRINGS = YES;
				SWIFT_VERSION = 5.0;
				TARGETED_DEVICE_FAMILY = "1,2";
			};
			name = Release;
		};
		62D958FC2A9DE5A200C5F72E /* Debug */ = {
			isa = XCBuildConfiguration;
			buildSettings = {
				ALWAYS_EMBED_SWIFT_STANDARD_LIBRARIES = YES;
				BUNDLE_LOADER = "$(TEST_HOST)";
				CODE_SIGN_STYLE = Automatic;
				CURRENT_PROJECT_VERSION = 1;
				GENERATE_INFOPLIST_FILE = YES;
				IPHONEOS_DEPLOYMENT_TARGET = 16.4;
				MARKETING_VERSION = 1.0;
				PRODUCT_BUNDLE_IDENTIFIER = "ncancay.task3-appTests";
				PRODUCT_NAME = "$(TARGET_NAME)";
				SWIFT_EMIT_LOC_STRINGS = NO;
				SWIFT_VERSION = 5.0;
				TARGETED_DEVICE_FAMILY = "1,2";
				TEST_HOST = "$(BUILT_PRODUCTS_DIR)/task3_app.app/$(BUNDLE_EXECUTABLE_FOLDER_PATH)/task3_app";
			};
			name = Debug;
		};
		62D958FD2A9DE5A200C5F72E /* Release */ = {
			isa = XCBuildConfiguration;
			buildSettings = {
				ALWAYS_EMBED_SWIFT_STANDARD_LIBRARIES = YES;
				BUNDLE_LOADER = "$(TEST_HOST)";
				CODE_SIGN_STYLE = Automatic;
				CURRENT_PROJECT_VERSION = 1;
				GENERATE_INFOPLIST_FILE = YES;
				IPHONEOS_DEPLOYMENT_TARGET = 16.4;
				MARKETING_VERSION = 1.0;
				PRODUCT_BUNDLE_IDENTIFIER = "ncancay.task3-appTests";
				PRODUCT_NAME = "$(TARGET_NAME)";
				SWIFT_EMIT_LOC_STRINGS = NO;
				SWIFT_VERSION = 5.0;
				TARGETED_DEVICE_FAMILY = "1,2";
				TEST_HOST = "$(BUILT_PRODUCTS_DIR)/task3_app.app/$(BUNDLE_EXECUTABLE_FOLDER_PATH)/task3_app";
			};
			name = Release;
		};
		62D958FF2A9DE5A200C5F72E /* Debug */ = {
			isa = XCBuildConfiguration;
			buildSettings = {
				ALWAYS_EMBED_SWIFT_STANDARD_LIBRARIES = YES;
				CODE_SIGN_STYLE = Automatic;
				CURRENT_PROJECT_VERSION = 1;
				GENERATE_INFOPLIST_FILE = YES;
				MARKETING_VERSION = 1.0;
				PRODUCT_BUNDLE_IDENTIFIER = "ncancay.task3-appUITests";
				PRODUCT_NAME = "$(TARGET_NAME)";
				SWIFT_EMIT_LOC_STRINGS = NO;
				SWIFT_VERSION = 5.0;
				TARGETED_DEVICE_FAMILY = "1,2";
				TEST_TARGET_NAME = task3_app;
			};
			name = Debug;
		};
		62D959002A9DE5A200C5F72E /* Release */ = {
			isa = XCBuildConfiguration;
			buildSettings = {
				ALWAYS_EMBED_SWIFT_STANDARD_LIBRARIES = YES;
				CODE_SIGN_STYLE = Automatic;
				CURRENT_PROJECT_VERSION = 1;
				GENERATE_INFOPLIST_FILE = YES;
				MARKETING_VERSION = 1.0;
				PRODUCT_BUNDLE_IDENTIFIER = "ncancay.task3-appUITests";
				PRODUCT_NAME = "$(TARGET_NAME)";
				SWIFT_EMIT_LOC_STRINGS = NO;
				SWIFT_VERSION = 5.0;
				TARGETED_DEVICE_FAMILY = "1,2";
				TEST_TARGET_NAME = task3_app;
			};
			name = Release;
		};
/* End XCBuildConfiguration section */

/* Begin XCConfigurationList section */
		62D958C62A9DE59F00C5F72E /* Build configuration list for PBXProject "task3_app" */ = {
			isa = XCConfigurationList;
			buildConfigurations = (
				62D958F62A9DE5A200C5F72E /* Debug */,
				62D958F72A9DE5A200C5F72E /* Release */,
			);
			defaultConfigurationIsVisible = 0;
			defaultConfigurationName = Release;
		};
		62D958F82A9DE5A200C5F72E /* Build configuration list for PBXNativeTarget "task3_app" */ = {
			isa = XCConfigurationList;
			buildConfigurations = (
				62D958F92A9DE5A200C5F72E /* Debug */,
				62D958FA2A9DE5A200C5F72E /* Release */,
			);
			defaultConfigurationIsVisible = 0;
			defaultConfigurationName = Release;
		};
		62D958FB2A9DE5A200C5F72E /* Build configuration list for PBXNativeTarget "task3_appTests" */ = {
			isa = XCConfigurationList;
			buildConfigurations = (
				62D958FC2A9DE5A200C5F72E /* Debug */,
				62D958FD2A9DE5A200C5F72E /* Release */,
			);
			defaultConfigurationIsVisible = 0;
			defaultConfigurationName = Release;
		};
		62D958FE2A9DE5A200C5F72E /* Build configuration list for PBXNativeTarget "task3_appUITests" */ = {
			isa = XCConfigurationList;
			buildConfigurations = (
				62D958FF2A9DE5A200C5F72E /* Debug */,
				62D959002A9DE5A200C5F72E /* Release */,
			);
			defaultConfigurationIsVisible = 0;
			defaultConfigurationName = Release;
		};
/* End XCConfigurationList section */

/* Begin XCVersionGroup section */
		62D958D72A9DE59F00C5F72E /* task3_app.xcdatamodeld */ = {
			isa = XCVersionGroup;
			children = (
				62D958D82A9DE59F00C5F72E /* task3_app.xcdatamodel */,
			);
			currentVersion = 62D958D82A9DE59F00C5F72E /* task3_app.xcdatamodel */;
			path = task3_app.xcdatamodeld;
			sourceTree = "<group>";
			versionGroupType = wrapper.xcdatamodel;
		};
/* End XCVersionGroup section */
	};
	rootObject = 62D958C32A9DE59F00C5F72E /* Project object */;
}
